
Microsoft Visual Studio Solution File, Format Version 12.00
# Visual Studio Version 17
VisualStudioVersion = 17.6.33712.159
MinimumVisualStudioVersion = 10.0.40219.1
Project("{FAE04EC0-301F-11D3-BF4B-00C04F79EFBC}") = "Portal.Data", "Porteal.Data\Portal.Data.csproj", "{B8E9892C-0F01-4829-A458-4952720616F8}"
EndProject
Project("{FAE04EC0-301F-11D3-BF4B-00C04F79EFBC}") = "Portal.Web", "Portal.Web\Portal.Web.csproj", "{695F2FE9-4A0B-4063-B854-7C78BF7FB587}"
EndProject
Global
	GlobalSection(SolutionConfigurationPlatforms) = preSolution
		Debug|Any CPU = Debug|Any CPU
		Release|Any CPU = Release|Any CPU
	EndGlobalSection
	GlobalSection(ProjectConfigurationPlatforms) = postSolution
		{B8E9892C-0F01-4829-A458-4952720616F8}.Debug|Any CPU.ActiveCfg = Debug|Any CPU
		{B8E9892C-0F01-4829-A458-4952720616F8}.Debug|Any CPU.Build.0 = Debug|Any CPU
		{B8E9892C-0F01-4829-A458-4952720616F8}.Release|Any CPU.ActiveCfg = Release|Any CPU
		{B8E9892C-0F01-4829-A458-4952720616F8}.Release|Any CPU.Build.0 = Release|Any CPU
		{695F2FE9-4A0B-4063-B854-7C78BF7FB587}.Debug|Any CPU.ActiveCfg = Debug|Any CPU
		{695F2FE9-4A0B-4063-B854-7C78BF7FB587}.Debug|Any CPU.Build.0 = Debug|Any CPU
		{695F2FE9-4A0B-4063-B854-7C78BF7FB587}.Release|Any CPU.ActiveCfg = Release|Any CPU
		{695F2FE9-4A0B-4063-B854-7C78BF7FB587}.Release|Any CPU.Build.0 = Release|Any CPU
	EndGlobalSection
	GlobalSection(SolutionProperties) = preSolution
		HideSolutionNode = FALSE
	EndGlobalSection
	GlobalSection(ExtensibilityGlobals) = postSolution
		SolutionGuid = {96AAA565-DAF6-4609-B4CC-F11056427EC3}
	EndGlobalSection
EndGlobal
